
Microsoft Visual Studio Solution File, Format Version 12.00
# Visual Studio Version 17
VisualStudioVersion = 17.13.35919.96 d17.13
MinimumVisualStudioVersion = 10.0.40219.1
Project("{FAE04EC0-301F-11D3-BF4B-00C04F79EFBC}") = "gestor-backend", "gestor-backend.csproj", "{10E2F184-5F8B-44B5-9A28-6B7E05E9A1AD}"
EndProject
Global
	GlobalSection(SolutionConfigurationPlatforms) = preSolution
		Debug|Any CPU = Debug|Any CPU
		Release|Any CPU = Release|Any CPU
	EndGlobalSection
	GlobalSection(ProjectConfigurationPlatforms) = postSolution
		{10E2F184-5F8B-44B5-9A28-6B7E05E9A1AD}.Debug|Any CPU.ActiveCfg = Debug|Any CPU
		{10E2F184-5F8B-44B5-9A28-6B7E05E9A1AD}.Debug|Any CPU.Build.0 = Debug|Any CPU
		{10E2F184-5F8B-44B5-9A28-6B7E05E9A1AD}.Release|Any CPU.ActiveCfg = Release|Any CPU
		{10E2F184-5F8B-44B5-9A28-6B7E05E9A1AD}.Release|Any CPU.Build.0 = Release|Any CPU
	EndGlobalSection
	GlobalSection(SolutionProperties) = preSolution
		HideSolutionNode = FALSE
	EndGlobalSection
	GlobalSection(ExtensibilityGlobals) = postSolution
		SolutionGuid = {2EB04DD1-3840-40F5-8B58-85FEF15D0E2D}
	EndGlobalSection
EndGlobal
